
Microsoft Visual Studio Solution File, Format Version 12.00
# Visual Studio Version 17
VisualStudioVersion = 17.8.34408.163
MinimumVisualStudioVersion = 10.0.40219.1
Project("{9A19103F-16F7-4668-BE54-9A1E7A4F7556}") = "MIS3013_HW4_Task1", "MIS3013_HW4_Task1\MIS3013_HW4_Task1.csproj", "{7476DFB7-A297-4A64-AF40-2456963A47CC}"
EndProject
Global
	GlobalSection(SolutionConfigurationPlatforms) = preSolution
		Debug|Any CPU = Debug|Any CPU
		Release|Any CPU = Release|Any CPU
	EndGlobalSection
	GlobalSection(ProjectConfigurationPlatforms) = postSolution
		{7476DFB7-A297-4A64-AF40-2456963A47CC}.Debug|Any CPU.ActiveCfg = Debug|Any CPU
		{7476DFB7-A297-4A64-AF40-2456963A47CC}.Debug|Any CPU.Build.0 = Debug|Any CPU
		{7476DFB7-A297-4A64-AF40-2456963A47CC}.Release|Any CPU.ActiveCfg = Release|Any CPU
		{7476DFB7-A297-4A64-AF40-2456963A47CC}.Release|Any CPU.Build.0 = Release|Any CPU
	EndGlobalSection
	GlobalSection(SolutionProperties) = preSolution
		HideSolutionNode = FALSE
	EndGlobalSection
	GlobalSection(ExtensibilityGlobals) = postSolution
		SolutionGuid = {49A5CF92-B2A9-4D90-B0A3-174F07AD2A3D}
	EndGlobalSection
EndGlobal
